
Microsoft Visual Studio Solution File, Format Version 12.00
# Visual Studio Version 17
VisualStudioVersion = 17.14.36221.1 d17.14
MinimumVisualStudioVersion = 10.0.40219.1
Project("{FAE04EC0-301F-11D3-BF4B-00C04F79EFBC}") = "PostmanCloneLibrary", "PostmanCloneLibrary\PostmanCloneLibrary.csproj", "{247AD47F-876F-4F43-9A06-D8152E64158A}"
EndProject
Project("{FAE04EC0-301F-11D3-BF4B-00C04F79EFBC}") = "PostmanCloneUI", "PostmanCloneUI\PostmanCloneUI.csproj", "{514B93E4-B2A9-4CA7-A3E8-223731B3E95C}"
EndProject
Global
	GlobalSection(SolutionConfigurationPlatforms) = preSolution
		Debug|Any CPU = Debug|Any CPU
		Release|Any CPU = Release|Any CPU
	EndGlobalSection
	GlobalSection(ProjectConfigurationPlatforms) = postSolution
		{247AD47F-876F-4F43-9A06-D8152E64158A}.Debug|Any CPU.ActiveCfg = Debug|Any CPU
		{247AD47F-876F-4F43-9A06-D8152E64158A}.Debug|Any CPU.Build.0 = Debug|Any CPU
		{247AD47F-876F-4F43-9A06-D8152E64158A}.Release|Any CPU.ActiveCfg = Release|Any CPU
		{247AD47F-876F-4F43-9A06-D8152E64158A}.Release|Any CPU.Build.0 = Release|Any CPU
		{514B93E4-B2A9-4CA7-A3E8-223731B3E95C}.Debug|Any CPU.ActiveCfg = Debug|Any CPU
		{514B93E4-B2A9-4CA7-A3E8-223731B3E95C}.Debug|Any CPU.Build.0 = Debug|Any CPU
		{514B93E4-B2A9-4CA7-A3E8-223731B3E95C}.Release|Any CPU.ActiveCfg = Release|Any CPU
		{514B93E4-B2A9-4CA7-A3E8-223731B3E95C}.Release|Any CPU.Build.0 = Release|Any CPU
	EndGlobalSection
	GlobalSection(SolutionProperties) = preSolution
		HideSolutionNode = FALSE
	EndGlobalSection
	GlobalSection(ExtensibilityGlobals) = postSolution
		SolutionGuid = {080D7834-3667-44D6-9F65-1B96C3D8C131}
	EndGlobalSection
EndGlobal
